
Microsoft Visual Studio Solution File, Format Version 12.00
# Visual Studio Version 17
VisualStudioVersion = 17.5.002.0
MinimumVisualStudioVersion = 10.0.40219.1
Project("{9A19103F-16F7-4668-BE54-9A1E7A4F7556}") = "SampleApi", "SampleApi.csproj", "{B089D31A-8CAF-4E68-B61C-AC2FF030C6CB}"
EndProject
Global
	GlobalSection(SolutionConfigurationPlatforms) = preSolution
		Debug|Any CPU = Debug|Any CPU
		Release|Any CPU = Release|Any CPU
	EndGlobalSection
	GlobalSection(ProjectConfigurationPlatforms) = postSolution
		{B089D31A-8CAF-4E68-B61C-AC2FF030C6CB}.Debug|Any CPU.ActiveCfg = Debug|Any CPU
		{B089D31A-8CAF-4E68-B61C-AC2FF030C6CB}.Debug|Any CPU.Build.0 = Debug|Any CPU
		{B089D31A-8CAF-4E68-B61C-AC2FF030C6CB}.Release|Any CPU.ActiveCfg = Release|Any CPU
		{B089D31A-8CAF-4E68-B61C-AC2FF030C6CB}.Release|Any CPU.Build.0 = Release|Any CPU
	EndGlobalSection
	GlobalSection(SolutionProperties) = preSolution
		HideSolutionNode = FALSE
	EndGlobalSection
	GlobalSection(ExtensibilityGlobals) = postSolution
		SolutionGuid = {1A024A8F-62A8-4B3A-B4F2-FEA875E0B289}
	EndGlobalSection
EndGlobal
